
Microsoft Visual Studio Solution File, Format Version 12.00
# Visual Studio Version 16
VisualStudioVersion = 16.0.31129.286
MinimumVisualStudioVersion = 10.0.40219.1
Project("{9A19103F-16F7-4668-BE54-9A1E7A4F7556}") = "CalcLibrary", "CalcLibrary\CalcLibrary.csproj", "{138BE405-57AA-4512-8807-578866567EF2}"
EndProject
Project("{FAE04EC0-301F-11D3-BF4B-00C04F79EFBC}") = "AreaCalcTest", "AreaCalcTest\AreaCalcTest.csproj", "{2E2CF3E0-C5C9-42BA-AE2A-ECDE7A96A04A}"
EndProject
Global
	GlobalSection(SolutionConfigurationPlatforms) = preSolution
		Debug|Any CPU = Debug|Any CPU
		Release|Any CPU = Release|Any CPU
	EndGlobalSection
	GlobalSection(ProjectConfigurationPlatforms) = postSolution
		{138BE405-57AA-4512-8807-578866567EF2}.Debug|Any CPU.ActiveCfg = Debug|Any CPU
		{138BE405-57AA-4512-8807-578866567EF2}.Debug|Any CPU.Build.0 = Debug|Any CPU
		{138BE405-57AA-4512-8807-578866567EF2}.Release|Any CPU.ActiveCfg = Release|Any CPU
		{138BE405-57AA-4512-8807-578866567EF2}.Release|Any CPU.Build.0 = Release|Any CPU
		{2E2CF3E0-C5C9-42BA-AE2A-ECDE7A96A04A}.Debug|Any CPU.ActiveCfg = Debug|Any CPU
		{2E2CF3E0-C5C9-42BA-AE2A-ECDE7A96A04A}.Debug|Any CPU.Build.0 = Debug|Any CPU
		{2E2CF3E0-C5C9-42BA-AE2A-ECDE7A96A04A}.Release|Any CPU.ActiveCfg = Release|Any CPU
		{2E2CF3E0-C5C9-42BA-AE2A-ECDE7A96A04A}.Release|Any CPU.Build.0 = Release|Any CPU
	EndGlobalSection
	GlobalSection(SolutionProperties) = preSolution
		HideSolutionNode = FALSE
	EndGlobalSection
	GlobalSection(ExtensibilityGlobals) = postSolution
		SolutionGuid = {46549CDF-D706-4855-9205-967CFF12A7F2}
	EndGlobalSection
EndGlobal
